
Microsoft Visual Studio Solution File, Format Version 12.00
# Visual Studio Version 16
VisualStudioVersion = 16.0.29911.84
MinimumVisualStudioVersion = 10.0.40219.1
Project("{FAE04EC0-301F-11D3-BF4B-00C04F79EFBC}") = "Ålder", "Ålder\Ålder.csproj", "{CDFF9D03-6A4D-4FA3-A861-5434D9FD28E4}"
EndProject
Global
	GlobalSection(SolutionConfigurationPlatforms) = preSolution
		Debug|Any CPU = Debug|Any CPU
		Release|Any CPU = Release|Any CPU
	EndGlobalSection
	GlobalSection(ProjectConfigurationPlatforms) = postSolution
		{CDFF9D03-6A4D-4FA3-A861-5434D9FD28E4}.Debug|Any CPU.ActiveCfg = Debug|Any CPU
		{CDFF9D03-6A4D-4FA3-A861-5434D9FD28E4}.Debug|Any CPU.Build.0 = Debug|Any CPU
		{CDFF9D03-6A4D-4FA3-A861-5434D9FD28E4}.Release|Any CPU.ActiveCfg = Release|Any CPU
		{CDFF9D03-6A4D-4FA3-A861-5434D9FD28E4}.Release|Any CPU.Build.0 = Release|Any CPU
	EndGlobalSection
	GlobalSection(SolutionProperties) = preSolution
		HideSolutionNode = FALSE
	EndGlobalSection
	GlobalSection(ExtensibilityGlobals) = postSolution
		SolutionGuid = {84449B39-6EE9-4923-B664-8344167AD035}
	EndGlobalSection
EndGlobal
