
Microsoft Visual Studio Solution File, Format Version 12.00
# Visual Studio Version 16
VisualStudioVersion = 16.0.29920.165
MinimumVisualStudioVersion = 10.0.40219.1
Project("{FAE04EC0-301F-11D3-BF4B-00C04F79EFBC}") = "Lunch", "Lunch\Lunch.csproj", "{FEBB9703-7250-4351-84C0-EA279FDE641C}"
EndProject
Global
	GlobalSection(SolutionConfigurationPlatforms) = preSolution
		Debug|Any CPU = Debug|Any CPU
		Release|Any CPU = Release|Any CPU
	EndGlobalSection
	GlobalSection(ProjectConfigurationPlatforms) = postSolution
		{FEBB9703-7250-4351-84C0-EA279FDE641C}.Debug|Any CPU.ActiveCfg = Debug|Any CPU
		{FEBB9703-7250-4351-84C0-EA279FDE641C}.Debug|Any CPU.Build.0 = Debug|Any CPU
		{FEBB9703-7250-4351-84C0-EA279FDE641C}.Release|Any CPU.ActiveCfg = Release|Any CPU
		{FEBB9703-7250-4351-84C0-EA279FDE641C}.Release|Any CPU.Build.0 = Release|Any CPU
	EndGlobalSection
	GlobalSection(SolutionProperties) = preSolution
		HideSolutionNode = FALSE
	EndGlobalSection
	GlobalSection(ExtensibilityGlobals) = postSolution
		SolutionGuid = {F574D23D-952C-42AC-983B-78AA67D21F91}
	EndGlobalSection
EndGlobal
